
Microsoft Visual Studio Solution File, Format Version 12.00
# Visual Studio Version 17
VisualStudioVersion = 17.1.32319.34
MinimumVisualStudioVersion = 10.0.40219.1
Project("{FAE04EC0-301F-11D3-BF4B-00C04F79EFBC}") = "Interface trab PSA", "Interface trab PSA.csproj", "{3624C726-5E9B-4474-8BB1-6E428D3E0B04}"
EndProject
Global
	GlobalSection(SolutionConfigurationPlatforms) = preSolution
		Debug|Any CPU = Debug|Any CPU
		Release|Any CPU = Release|Any CPU
	EndGlobalSection
	GlobalSection(ProjectConfigurationPlatforms) = postSolution
		{3624C726-5E9B-4474-8BB1-6E428D3E0B04}.Debug|Any CPU.ActiveCfg = Debug|Any CPU
		{3624C726-5E9B-4474-8BB1-6E428D3E0B04}.Debug|Any CPU.Build.0 = Debug|Any CPU
		{3624C726-5E9B-4474-8BB1-6E428D3E0B04}.Release|Any CPU.ActiveCfg = Release|Any CPU
		{3624C726-5E9B-4474-8BB1-6E428D3E0B04}.Release|Any CPU.Build.0 = Release|Any CPU
	EndGlobalSection
	GlobalSection(SolutionProperties) = preSolution
		HideSolutionNode = FALSE
	EndGlobalSection
	GlobalSection(ExtensibilityGlobals) = postSolution
		SolutionGuid = {813FF218-EB4C-4374-A4B0-ADAEFC681090}
	EndGlobalSection
EndGlobal
